<?xml version="1.0" encoding="utf-8"?>
<Project ToolsVersion="4.0" xmlns="http://schemas.microsoft.com/developer/msbuild/2003">
  <ItemGroup>
    <Filter Include="Source Files">
      <UniqueIdentifier>{4FC737F1-C7A5-4376-A066-2A32D752A2FF}</UniqueIdentifier>
      <Extensions>cpp;c;cc;cxx;c++;cppm;ixx;def;odl;idl;hpj;bat;asm;asmx</Extensions>
    </Filter>
    <Filter Include="Header Files">
      <UniqueIdentifier>{93995380-89BD-4b04-88EB-625FBE52EBFB}</UniqueIdentifier>
      <Extensions>h;hh;hpp;hxx;h++;hm;inl;inc;ipp;xsd</Extensions>
    </Filter>
    <Filter Include="Resource Files">
      <UniqueIdentifier>{67DA6AB6-F800-4c08-8B7A-83BB121AAD01}</UniqueIdentifier>
      <Extensions>rc;ico;cur;bmp;dlg;rc2;rct;bin;rgs;gif;jpg;jpeg;jpe;resx;tiff;tif;png;wav;mfcribbon-ms</Extensions>
    </Filter>
  </ItemGroup>
  <ItemGroup>
    <ClInclude Include="Game.h">
      <Filter>Header Files</Filter>
    </ClInclude>
    <ClInclude Include="Match.h">
      <Filter>Header Files</Filter>
    </ClInclude>
    <ClInclude Include="Player.h">
      <Filter>Header Files</Filter>
    </ClInclude>
    <ClInclude Include="Card.h">
      <Filter>Header Files</Filter>
    </ClInclude>
    <ClInclude Include="Explosion_Card.h">
      <Filter>Header Files</Filter>
    </ClInclude>
    <ClInclude Include="Element_Mode.h">
      <Filter>Header Files</Filter>
    </ClInclude>
    <ClInclude Include="Training_Mode.h">
      <Filter>Header Files</Filter>
    </ClInclude>
    <ClInclude Include="Game_Mode.h">
      <Filter>Header Files</Filter>
    </ClInclude>
    <ClInclude Include="Wizard_Mode.h">
      <Filter>Header Files</Filter>
    </ClInclude>
    <ClInclude Include="Tournament_Mode.h">
      <Filter>Header Files</Filter>
    </ClInclude>
    <ClInclude Include="Board.h">
      <Filter>Header Files</Filter>
    </ClInclude>
    <ClInclude Include="IGame.h">
      <Filter>Header Files</Filter>
    </ClInclude>
    <ClInclude Include="Speed_Mode.h">
      <Filter>Header Files</Filter>
    </ClInclude>
    <ClInclude Include="Bomb.h">
      <Filter>Header Files</Filter>
    </ClInclude>
    <ClInclude Include="Combined_Mode.h">
      <Filter>Header Files</Filter>
    </ClInclude>
  </ItemGroup>
  <ItemGroup>
    <ClCompile Include="Game.cpp">
      <Filter>Source Files</Filter>
    </ClCompile>
    <ClCompile Include="Match.cpp">
      <Filter>Source Files</Filter>
    </ClCompile>
    <ClCompile Include="Player.cpp">
      <Filter>Source Files</Filter>
    </ClCompile>
    <ClCompile Include="Card.cpp">
      <Filter>Source Files</Filter>
    </ClCompile>
    <ClCompile Include="Explosion_Card.cpp">
      <Filter>Source Files</Filter>
    </ClCompile>
    <ClCompile Include="Element_Mode.cpp">
      <Filter>Source Files</Filter>
    </ClCompile>
    <ClCompile Include="Game_Mode.cpp">
      <Filter>Source Files</Filter>
    </ClCompile>
    <ClCompile Include="Wizard_Mode.cpp">
      <Filter>Source Files</Filter>
    </ClCompile>
    <ClCompile Include="Tournament_Mode.cpp">
      <Filter>Source Files</Filter>
    </ClCompile>
    <ClCompile Include="Board.cpp">
      <Filter>Source Files</Filter>
    </ClCompile>
    <ClCompile Include="main.cpp">
      <Filter>Source Files</Filter>
    </ClCompile>
    <ClCompile Include="IGame.cpp">
      <Filter>Source Files</Filter>
    </ClCompile>
    <ClCompile Include="Speed_Mode.cpp">
      <Filter>Source Files</Filter>
    </ClCompile>
    <ClCompile Include="BoardWidget.cpp">
      <Filter>Source Files</Filter>
    </ClCompile>
    <ClCompile Include="MainWindow.cpp">
      <Filter>Source Files</Filter>
    </ClCompile>
    <ClCompile Include="CardsWidget.cpp">
      <Filter>Source Files</Filter>
    </ClCompile>
    <ClCompile Include="Bomb.cpp">
      <Filter>Source Files</Filter>
    </ClCompile>
    <ClCompile Include="Combined_Mode.cpp">
      <Filter>Source Files</Filter>
    </ClCompile>
  </ItemGroup>
  <ItemGroup>
    <QtMoc Include="BoardWidget.h">
      <Filter>Header Files</Filter>
    </QtMoc>
    <QtMoc Include="MainWindow.h">
      <Filter>Header Files</Filter>
    </QtMoc>
    <QtMoc Include="CardsWidget.h">
      <Filter>Header Files</Filter>
    </QtMoc>
  </ItemGroup>
  <ItemGroup>
    <Image Include="..\images\eter_blue.png">
      <Filter>Resource Files</Filter>
    </Image>
    <Image Include="..\images\4_blue.png">
      <Filter>Resource Files</Filter>
    </Image>
    <Image Include="..\images\3_blue.png">
      <Filter>Resource Files</Filter>
    </Image>
    <Image Include="..\images\2_blue.png">
      <Filter>Resource Files</Filter>
    </Image>
    <Image Include="..\images\1_blue.png">
      <Filter>Resource Files</Filter>
    </Image>
    <Image Include="..\images\eter_red.png">
      <Filter>Resource Files</Filter>
    </Image>
    <Image Include="..\images\4_red.png">
      <Filter>Resource Files</Filter>
    </Image>
    <Image Include="..\images\3_red.png">
      <Filter>Resource Files</Filter>
    </Image>
    <Image Include="..\images\2_red.png">
      <Filter>Resource Files</Filter>
    </Image>
    <Image Include="..\images\1_red.png">
      <Filter>Resource Files</Filter>
    </Image>
    <Image Include="images\power_1.png">
      <Filter>Resource Files</Filter>
    </Image>
    <Image Include="images\power_2.png">
      <Filter>Resource Files</Filter>
    </Image>
    <Image Include="images\power_3.png">
      <Filter>Resource Files</Filter>
    </Image>
    <Image Include="images\power_4.png">
      <Filter>Resource Files</Filter>
    </Image>
    <Image Include="images\power_5.png">
      <Filter>Resource Files</Filter>
    </Image>
    <Image Include="images\power_6.png">
      <Filter>Resource Files</Filter>
    </Image>
    <Image Include="images\power_7.png">
      <Filter>Resource Files</Filter>
    </Image>
    <Image Include="images\power_8.png">
      <Filter>Resource Files</Filter>
    </Image>
  </ItemGroup>
  <ItemGroup>
    <QtRcc Include="resources.qrc">
      <Filter>Resource Files</Filter>
    </QtRcc>
  </ItemGroup>
</Project>